
Microsoft Visual Studio Solution File, Format Version 12.00
# Visual Studio Version 17
VisualStudioVersion = 17.2.32630.192
MinimumVisualStudioVersion = 10.0.40219.1
Project("{9A19103F-16F7-4668-BE54-9A1E7A4F7556}") = "NewProject", "NewProject\NewProject.csproj", "{115C99F7-6725-4D36-B478-C53274AC494C}"
EndProject
Project("{FAE04EC0-301F-11D3-BF4B-00C04F79EFBC}") = "NewProject.DAL", "NewProject.DAL\NewProject.DAL.csproj", "{134C79D0-63C7-4F27-8AAC-71DD47CAAA06}"
EndProject
Project("{FAE04EC0-301F-11D3-BF4B-00C04F79EFBC}") = "NewProject.Domain", "NewProject.Domain\NewProject.Domain.csproj", "{63DBC0B2-F8D2-4679-95C0-32D8D22A71BE}"
EndProject
Global
	GlobalSection(SolutionConfigurationPlatforms) = preSolution
		Debug|Any CPU = Debug|Any CPU
		Release|Any CPU = Release|Any CPU
	EndGlobalSection
	GlobalSection(ProjectConfigurationPlatforms) = postSolution
		{115C99F7-6725-4D36-B478-C53274AC494C}.Debug|Any CPU.ActiveCfg = Debug|Any CPU
		{115C99F7-6725-4D36-B478-C53274AC494C}.Debug|Any CPU.Build.0 = Debug|Any CPU
		{115C99F7-6725-4D36-B478-C53274AC494C}.Release|Any CPU.ActiveCfg = Release|Any CPU
		{115C99F7-6725-4D36-B478-C53274AC494C}.Release|Any CPU.Build.0 = Release|Any CPU
		{134C79D0-63C7-4F27-8AAC-71DD47CAAA06}.Debug|Any CPU.ActiveCfg = Debug|Any CPU
		{134C79D0-63C7-4F27-8AAC-71DD47CAAA06}.Debug|Any CPU.Build.0 = Debug|Any CPU
		{134C79D0-63C7-4F27-8AAC-71DD47CAAA06}.Release|Any CPU.ActiveCfg = Release|Any CPU
		{134C79D0-63C7-4F27-8AAC-71DD47CAAA06}.Release|Any CPU.Build.0 = Release|Any CPU
		{63DBC0B2-F8D2-4679-95C0-32D8D22A71BE}.Debug|Any CPU.ActiveCfg = Debug|Any CPU
		{63DBC0B2-F8D2-4679-95C0-32D8D22A71BE}.Debug|Any CPU.Build.0 = Debug|Any CPU
		{63DBC0B2-F8D2-4679-95C0-32D8D22A71BE}.Release|Any CPU.ActiveCfg = Release|Any CPU
		{63DBC0B2-F8D2-4679-95C0-32D8D22A71BE}.Release|Any CPU.Build.0 = Release|Any CPU
	EndGlobalSection
	GlobalSection(SolutionProperties) = preSolution
		HideSolutionNode = FALSE
	EndGlobalSection
	GlobalSection(ExtensibilityGlobals) = postSolution
		SolutionGuid = {43800BF1-21C6-4F5A-B72D-DD787B09559D}
	EndGlobalSection
EndGlobal
